
Microsoft Visual Studio Solution File, Format Version 12.00
# Visual Studio Version 16
VisualStudioVersion = 25.0.1703.5
MinimumVisualStudioVersion = 10.0.40219.1
Project("{FAE04EC0-301F-11D3-BF4B-00C04F79EFBC}") = "LINQ_practise", "LINQ_practise\LINQ_practise.csproj", "{01B6EA5A-D492-4E01-9599-30002DF517EF}"
EndProject
Project("{FAE04EC0-301F-11D3-BF4B-00C04F79EFBC}") = "LINQ_Practise1", "LINQ_Practise1\LINQ_Practise1.csproj", "{C62ABBB9-759C-41B3-BC7C-710C1DE2F7EC}"
EndProject
Project("{FAE04EC0-301F-11D3-BF4B-00C04F79EFBC}") = "FilePractise", "FilePractise\FilePractise.csproj", "{FD566EA2-81B9-42CE-95E5-5E9D79A2176D}"
EndProject
Project("{FAE04EC0-301F-11D3-BF4B-00C04F79EFBC}") = "CollectionPractise", "CollectionPractise\CollectionPractise.csproj", "{781EB741-67CF-46A4-B41F-EAB9279246A2}"
EndProject
Project("{FAE04EC0-301F-11D3-BF4B-00C04F79EFBC}") = "LambdaExpression", "LambdaExpression\LambdaExpression.csproj", "{D54986A7-82D3-4967-933C-200496607961}"
EndProject
Global
	GlobalSection(SolutionConfigurationPlatforms) = preSolution
		Debug|Any CPU = Debug|Any CPU
		Release|Any CPU = Release|Any CPU
	EndGlobalSection
	GlobalSection(ProjectConfigurationPlatforms) = postSolution
		{01B6EA5A-D492-4E01-9599-30002DF517EF}.Debug|Any CPU.ActiveCfg = Debug|Any CPU
		{01B6EA5A-D492-4E01-9599-30002DF517EF}.Debug|Any CPU.Build.0 = Debug|Any CPU
		{01B6EA5A-D492-4E01-9599-30002DF517EF}.Release|Any CPU.ActiveCfg = Release|Any CPU
		{01B6EA5A-D492-4E01-9599-30002DF517EF}.Release|Any CPU.Build.0 = Release|Any CPU
		{C62ABBB9-759C-41B3-BC7C-710C1DE2F7EC}.Debug|Any CPU.ActiveCfg = Debug|Any CPU
		{C62ABBB9-759C-41B3-BC7C-710C1DE2F7EC}.Debug|Any CPU.Build.0 = Debug|Any CPU
		{C62ABBB9-759C-41B3-BC7C-710C1DE2F7EC}.Release|Any CPU.ActiveCfg = Release|Any CPU
		{C62ABBB9-759C-41B3-BC7C-710C1DE2F7EC}.Release|Any CPU.Build.0 = Release|Any CPU
		{FD566EA2-81B9-42CE-95E5-5E9D79A2176D}.Debug|Any CPU.ActiveCfg = Debug|Any CPU
		{FD566EA2-81B9-42CE-95E5-5E9D79A2176D}.Debug|Any CPU.Build.0 = Debug|Any CPU
		{FD566EA2-81B9-42CE-95E5-5E9D79A2176D}.Release|Any CPU.ActiveCfg = Release|Any CPU
		{FD566EA2-81B9-42CE-95E5-5E9D79A2176D}.Release|Any CPU.Build.0 = Release|Any CPU
		{781EB741-67CF-46A4-B41F-EAB9279246A2}.Debug|Any CPU.ActiveCfg = Debug|Any CPU
		{781EB741-67CF-46A4-B41F-EAB9279246A2}.Debug|Any CPU.Build.0 = Debug|Any CPU
		{781EB741-67CF-46A4-B41F-EAB9279246A2}.Release|Any CPU.ActiveCfg = Release|Any CPU
		{781EB741-67CF-46A4-B41F-EAB9279246A2}.Release|Any CPU.Build.0 = Release|Any CPU
		{D54986A7-82D3-4967-933C-200496607961}.Debug|Any CPU.ActiveCfg = Debug|Any CPU
		{D54986A7-82D3-4967-933C-200496607961}.Debug|Any CPU.Build.0 = Debug|Any CPU
		{D54986A7-82D3-4967-933C-200496607961}.Release|Any CPU.ActiveCfg = Release|Any CPU
		{D54986A7-82D3-4967-933C-200496607961}.Release|Any CPU.Build.0 = Release|Any CPU
	EndGlobalSection
	GlobalSection(SolutionProperties) = preSolution
		HideSolutionNode = FALSE
	EndGlobalSection
	GlobalSection(ExtensibilityGlobals) = postSolution
		SolutionGuid = {C4C07B72-4BB8-4B13-B60D-B084FEC8D8E3}
	EndGlobalSection
EndGlobal
